
Microsoft Visual Studio Solution File, Format Version 12.00
# Visual Studio 2013
VisualStudioVersion = 12.0.30501.0
MinimumVisualStudioVersion = 10.0.40219.1
Project("{FAE04EC0-301F-11D3-BF4B-00C04F79EFBC}") = "Tarea 7", "Tarea 7\Tarea 7.csproj", "{7DB55E46-15AE-4F60-B33A-AFA5ED6A6F4D}"
EndProject
Project("{FAE04EC0-301F-11D3-BF4B-00C04F79EFBC}") = "Backend", "Backend\Backend.csproj", "{0D8834AF-A9E8-42F2-814F-F3A9C8B18505}"
EndProject
Global
	GlobalSection(SolutionConfigurationPlatforms) = preSolution
		Debug|Any CPU = Debug|Any CPU
		Release|Any CPU = Release|Any CPU
	EndGlobalSection
	GlobalSection(ProjectConfigurationPlatforms) = postSolution
		{7DB55E46-15AE-4F60-B33A-AFA5ED6A6F4D}.Debug|Any CPU.ActiveCfg = Debug|Any CPU
		{7DB55E46-15AE-4F60-B33A-AFA5ED6A6F4D}.Debug|Any CPU.Build.0 = Debug|Any CPU
		{7DB55E46-15AE-4F60-B33A-AFA5ED6A6F4D}.Release|Any CPU.ActiveCfg = Release|Any CPU
		{7DB55E46-15AE-4F60-B33A-AFA5ED6A6F4D}.Release|Any CPU.Build.0 = Release|Any CPU
		{0D8834AF-A9E8-42F2-814F-F3A9C8B18505}.Debug|Any CPU.ActiveCfg = Debug|Any CPU
		{0D8834AF-A9E8-42F2-814F-F3A9C8B18505}.Debug|Any CPU.Build.0 = Debug|Any CPU
		{0D8834AF-A9E8-42F2-814F-F3A9C8B18505}.Release|Any CPU.ActiveCfg = Release|Any CPU
		{0D8834AF-A9E8-42F2-814F-F3A9C8B18505}.Release|Any CPU.Build.0 = Release|Any CPU
	EndGlobalSection
	GlobalSection(SolutionProperties) = preSolution
		HideSolutionNode = FALSE
	EndGlobalSection
EndGlobal
